<?xml version="1.0" encoding="utf-8"?>
<Project ToolsVersion="4.0" xmlns="http://schemas.microsoft.com/developer/msbuild/2003">
  <ItemGroup>
    <ClCompile Include="dllmain.cpp" />
    <ClCompile Include="DX12\DeviceResourcesImpl.cpp">
      <Filter>DX12</Filter>
    </ClCompile>
    <ClCompile Include="Interface\DX12\Facade.cpp">
      <Filter>Interface\DX12</Filter>
    </ClCompile>
    <ClCompile Include="DX12\DescriptorHeapImpl.cpp">
      <Filter>DX12</Filter>
    </ClCompile>
    <ClCompile Include="DX12\QueueImpl.cpp">
      <Filter>DX12</Filter>
    </ClCompile>
    <ClCompile Include="DX12\CmdAllocatorImpl.cpp">
      <Filter>DX12</Filter>
    </ClCompile>
    <ClCompile Include="DX12\CmdListImpl.cpp">
      <Filter>DX12</Filter>
    </ClCompile>
    <ClCompile Include="DX12\WindowSurfaceImpl.cpp">
      <Filter>DX12</Filter>
    </ClCompile>
    <ClCompile Include="DX12\FenceImpl.cpp">
      <Filter>DX12</Filter>
    </ClCompile>
    <ClCompile Include="DX12\ShaderFactoryImpl.cpp">
      <Filter>DX12</Filter>
    </ClCompile>
    <ClCompile Include="DX12\UploadHeapImpl.cpp">
      <Filter>DX12</Filter>
    </ClCompile>
    <ClCompile Include="DX12\HeapImpl.cpp">
      <Filter>DX12</Filter>
    </ClCompile>
  </ItemGroup>
  <ItemGroup>
    <ClInclude Include="targetver.h" />
    <ClInclude Include="DX12\DeviceResourcesImpl.hpp">
      <Filter>DX12</Filter>
    </ClInclude>
    <ClInclude Include="Interface\DX12\DeviceResources.hpp">
      <Filter>Interface\DX12</Filter>
    </ClInclude>
    <ClInclude Include="Interface\DX12\Facade.hpp">
      <Filter>Interface\DX12</Filter>
    </ClInclude>
    <ClInclude Include="DX12\DescriptorHeapImpl.hpp">
      <Filter>DX12</Filter>
    </ClInclude>
    <ClInclude Include="Interface\DxPtrTypes.hpp">
      <Filter>Interface</Filter>
    </ClInclude>
    <ClInclude Include="Interface\DX12\DescriptorHeap.hpp">
      <Filter>Interface\DX12</Filter>
    </ClInclude>
    <ClInclude Include="DX12\QueueImpl.hpp">
      <Filter>DX12</Filter>
    </ClInclude>
    <ClInclude Include="DX12\CmdAllocatorImpl.hpp">
      <Filter>DX12</Filter>
    </ClInclude>
    <ClInclude Include="DX12\CmdListImpl.hpp">
      <Filter>DX12</Filter>
    </ClInclude>
    <ClInclude Include="Interface\Exception\AllocatorOccupiedException.hpp">
      <Filter>Interface\Exception</Filter>
    </ClInclude>
    <ClInclude Include="Interface\DX12\CmdList.hpp">
      <Filter>Interface\DX12</Filter>
    </ClInclude>
    <ClInclude Include="Interface\DX12\CmdAllocator.hpp">
      <Filter>Interface\DX12</Filter>
    </ClInclude>
    <ClInclude Include="Interface\DX12\Queue.hpp">
      <Filter>Interface\DX12</Filter>
    </ClInclude>
    <ClInclude Include="Interface\DX12\WindowSurface.hpp">
      <Filter>Interface\DX12</Filter>
    </ClInclude>
    <ClInclude Include="DX12\WindowSurfaceImpl.hpp">
      <Filter>DX12</Filter>
    </ClInclude>
    <ClInclude Include="Interface\RHAExportHelper.hpp">
      <Filter>Interface</Filter>
    </ClInclude>
    <ClInclude Include="Interface\DX12\Fence.hpp">
      <Filter>Interface\DX12</Filter>
    </ClInclude>
    <ClInclude Include="DX12\FenceImpl.hpp">
      <Filter>DX12</Filter>
    </ClInclude>
    <ClInclude Include="DX12\ShaderFactoryImpl.hpp">
      <Filter>DX12</Filter>
    </ClInclude>
    <ClInclude Include="Interface\DX12\ShaderFactory.hpp">
      <Filter>Interface\DX12</Filter>
    </ClInclude>
    <ClInclude Include="DX12\UploadHeapImpl.hpp">
      <Filter>DX12</Filter>
    </ClInclude>
    <ClInclude Include="Interface\DX12\UploadHeap.hpp">
      <Filter>Interface\DX12</Filter>
    </ClInclude>
    <ClInclude Include="DX12\HeapImpl.hpp">
      <Filter>DX12</Filter>
    </ClInclude>
    <ClInclude Include="Interface\DX12\HeapAllocation.hpp">
      <Filter>Interface\DX12</Filter>
    </ClInclude>
    <ClInclude Include="Interface\DX12\Heap.hpp">
      <Filter>Interface\DX12</Filter>
    </ClInclude>
  </ItemGroup>
  <ItemGroup>
    <Filter Include="DX12">
      <UniqueIdentifier>{62d9ff9d-97c0-4f12-885b-bd832e846f52}</UniqueIdentifier>
    </Filter>
    <Filter Include="Interface">
      <UniqueIdentifier>{e89ee3d1-2bd1-4db8-b480-3e099b99b2cb}</UniqueIdentifier>
    </Filter>
    <Filter Include="Interface\DX12">
      <UniqueIdentifier>{bb2e5dd6-5776-4e1e-84b6-d16946a41154}</UniqueIdentifier>
    </Filter>
    <Filter Include="Interface\Exception">
      <UniqueIdentifier>{70cad4f6-7e4f-4cc2-8c0f-296f436f5271}</UniqueIdentifier>
    </Filter>
  </ItemGroup>
</Project>