<?xml version="1.0" encoding="utf-8"?>
<Project ToolsVersion="4.0" xmlns="http://schemas.microsoft.com/developer/msbuild/2003">
  <ItemGroup>
    <ClCompile Include="Window\Windows\Window.cpp">
      <Filter>Window\Windows</Filter>
    </ClCompile>
    <ClCompile Include="Types\Dimensions2D.cpp">
      <Filter>Types</Filter>
    </ClCompile>
    <ClCompile Include="main.cpp" />
    <ClCompile Include="Windows\App.cpp">
      <Filter>Windows</Filter>
    </ClCompile>
    <ClCompile Include="Rendering\SceneRenderer.cpp">
      <Filter>Rendering</Filter>
    </ClCompile>
    <ClCompile Include="Rendering\RendererMediator.cpp">
      <Filter>Rendering</Filter>
    </ClCompile>
    <ClCompile Include="ThirdParty\imgui\imgui.cpp">
      <Filter>ThirdParty\imgui</Filter>
    </ClCompile>
    <ClCompile Include="ThirdParty\imgui\imgui_demo.cpp">
      <Filter>ThirdParty\imgui</Filter>
    </ClCompile>
    <ClCompile Include="ThirdParty\imgui\imgui_draw.cpp">
      <Filter>ThirdParty\imgui</Filter>
    </ClCompile>
    <ClCompile Include="ThirdParty\imgui\imgui_widgets.cpp">
      <Filter>ThirdParty\imgui</Filter>
    </ClCompile>
    <ClCompile Include="ThirdParty\imgui\imgui_impl_win32.cpp">
      <Filter>ThirdParty\imgui</Filter>
    </ClCompile>
    <ClCompile Include="Rendering\UiRenderer.cpp">
      <Filter>Rendering</Filter>
    </ClCompile>
    <ClCompile Include="ThirdParty\imgui\imgui_impl_dx12.cpp">
      <Filter>ThirdParty\imgui</Filter>
    </ClCompile>
    <ClCompile Include="Ui\ImguiTypeArithmetics.cpp">
      <Filter>Ui</Filter>
    </ClCompile>
    <ClCompile Include="Windows\SelectPathDialog.cpp">
      <Filter>Windows</Filter>
    </ClCompile>
    <ClCompile Include="Ui\Core\WidgetBuilderImpl.cpp">
      <Filter>Ui\Core</Filter>
    </ClCompile>
    <ClCompile Include="Ui\Misc\AssetNameFilter.cpp">
      <Filter>Ui\Misc</Filter>
    </ClCompile>
    <ClCompile Include="Ui\Core\WidgetBase.cpp">
      <Filter>Ui\Core</Filter>
    </ClCompile>
    <ClCompile Include="Ui\Widgets\GridWidget.cpp">
      <Filter>Ui\Widgets</Filter>
    </ClCompile>
  </ItemGroup>
  <ItemGroup>
    <ClInclude Include="Window\Windows\Window.hpp">
      <Filter>Window\Windows</Filter>
    </ClInclude>
    <ClInclude Include="Types\Dimensions2D.hpp">
      <Filter>Types</Filter>
    </ClInclude>
    <ClInclude Include="Windows\App.hpp">
      <Filter>Windows</Filter>
    </ClInclude>
    <ClInclude Include="Rendering\SceneRenderer.hpp">
      <Filter>Rendering</Filter>
    </ClInclude>
    <ClInclude Include="Rendering\RendererMediator.hpp">
      <Filter>Rendering</Filter>
    </ClInclude>
    <ClInclude Include="ThirdParty\imgui\imconfig.h">
      <Filter>ThirdParty\imgui</Filter>
    </ClInclude>
    <ClInclude Include="ThirdParty\imgui\imgui.h">
      <Filter>ThirdParty\imgui</Filter>
    </ClInclude>
    <ClInclude Include="ThirdParty\imgui\imgui_internal.h">
      <Filter>ThirdParty\imgui</Filter>
    </ClInclude>
    <ClInclude Include="ThirdParty\imgui\imstb_rectpack.h">
      <Filter>ThirdParty\imgui</Filter>
    </ClInclude>
    <ClInclude Include="ThirdParty\imgui\imstb_textedit.h">
      <Filter>ThirdParty\imgui</Filter>
    </ClInclude>
    <ClInclude Include="ThirdParty\imgui\imstb_truetype.h">
      <Filter>ThirdParty\imgui</Filter>
    </ClInclude>
    <ClInclude Include="ThirdParty\imgui\imgui_impl_dx12.h">
      <Filter>ThirdParty\imgui</Filter>
    </ClInclude>
    <ClInclude Include="ThirdParty\imgui\imgui_impl_win32.h">
      <Filter>ThirdParty\imgui</Filter>
    </ClInclude>
    <ClInclude Include="Rendering\UiRenderer.hpp">
      <Filter>Rendering</Filter>
    </ClInclude>
    <ClInclude Include="Ui\ImguiTypeArithmetics.hpp">
      <Filter>Ui</Filter>
    </ClInclude>
    <ClInclude Include="Windows\SelectPathDialog.hpp">
      <Filter>Windows</Filter>
    </ClInclude>
    <ClInclude Include="Ui\Core\WidgetBase.hpp">
      <Filter>Ui\Core</Filter>
    </ClInclude>
    <ClInclude Include="Ui\Core\WidgetBehavior.hpp">
      <Filter>Ui\Core</Filter>
    </ClInclude>
    <ClInclude Include="Ui\Core\WidgetBuilder.hpp">
      <Filter>Ui\Core</Filter>
    </ClInclude>
    <ClInclude Include="Ui\Core\WidgetBuilderImpl.hpp">
      <Filter>Ui\Core</Filter>
    </ClInclude>
    <ClInclude Include="Ui\Core\StringInputTarget.hpp">
      <Filter>Ui\Core</Filter>
    </ClInclude>
    <ClInclude Include="Ui\Widgets\ButtonWidget.hpp">
      <Filter>Ui\Widgets</Filter>
    </ClInclude>
    <ClInclude Include="Ui\Widgets\EqualColumnsWidget.hpp">
      <Filter>Ui\Widgets</Filter>
    </ClInclude>
    <ClInclude Include="Ui\Widgets\WindowWidget.hpp">
      <Filter>Ui\Widgets</Filter>
    </ClInclude>
    <ClInclude Include="Ui\Widgets\ModalWidget.hpp">
      <Filter>Ui\Widgets</Filter>
    </ClInclude>
    <ClInclude Include="Ui\Widgets\InputWidget.hpp">
      <Filter>Ui\Widgets</Filter>
    </ClInclude>
    <ClInclude Include="Ui\Misc\AssetNameFilter.hpp">
      <Filter>Ui\Misc</Filter>
    </ClInclude>
    <ClInclude Include="Ui\Widgets\GridWidget.hpp">
      <Filter>Ui\Widgets</Filter>
    </ClInclude>
    <ClInclude Include="Ui\Core\Slot.hpp">
      <Filter>Ui\Core</Filter>
    </ClInclude>
    <ClInclude Include="Ui\Widgets\TextWidget.hpp">
      <Filter>Ui\Widgets</Filter>
    </ClInclude>
    <ClInclude Include="Ui\Client\CreateProjectDialog.hpp">
      <Filter>Ui\Client</Filter>
    </ClInclude>
  </ItemGroup>
  <ItemGroup>
    <Filter Include="Window">
      <UniqueIdentifier>{3d570620-b632-44e5-8f26-cf4994ff4bd9}</UniqueIdentifier>
    </Filter>
    <Filter Include="Window\Windows">
      <UniqueIdentifier>{7584e22f-30e5-46b9-9e18-057f60c25612}</UniqueIdentifier>
    </Filter>
    <Filter Include="Types">
      <UniqueIdentifier>{d5bb1d4c-f92b-406e-8600-5b4e37180d79}</UniqueIdentifier>
    </Filter>
    <Filter Include="Windows">
      <UniqueIdentifier>{fce20fdc-064e-4f2e-b5f3-c66a2c77d552}</UniqueIdentifier>
    </Filter>
    <Filter Include="Rendering">
      <UniqueIdentifier>{87365d01-48ca-4b61-8fc0-7c0523c44914}</UniqueIdentifier>
    </Filter>
    <Filter Include="ThirdParty">
      <UniqueIdentifier>{dc3ea16b-3856-4aa7-b7aa-f84b0a4a5e13}</UniqueIdentifier>
    </Filter>
    <Filter Include="ThirdParty\imgui">
      <UniqueIdentifier>{ddbbf907-7515-4c0a-b81f-98ba47aef966}</UniqueIdentifier>
    </Filter>
    <Filter Include="Ui">
      <UniqueIdentifier>{dcf19b90-d69e-4b31-b294-a47cf0afb6e6}</UniqueIdentifier>
    </Filter>
    <Filter Include="Ui\Core">
      <UniqueIdentifier>{0dd49621-d539-4645-95dc-654e3afff5a6}</UniqueIdentifier>
    </Filter>
    <Filter Include="Ui\Widgets">
      <UniqueIdentifier>{6428eaf6-fc2c-480a-9cce-7ba927dbdd8d}</UniqueIdentifier>
    </Filter>
    <Filter Include="Ui\Misc">
      <UniqueIdentifier>{406f811a-3931-4f1b-9dbf-b604d1b2d6e2}</UniqueIdentifier>
    </Filter>
    <Filter Include="Ui\Client">
      <UniqueIdentifier>{55f997ca-b729-4675-b687-1fabf666dc05}</UniqueIdentifier>
    </Filter>
  </ItemGroup>
</Project>