<?xml version="1.0" encoding="utf-8"?>
<Project ToolsVersion="4.0" xmlns="http://schemas.microsoft.com/developer/msbuild/2003">
  <ItemGroup>
    <ClCompile Include="Window\Windows\Window.cpp">
      <Filter>Window\Windows</Filter>
    </ClCompile>
    <ClCompile Include="Types\Dimensions2D.cpp">
      <Filter>Types</Filter>
    </ClCompile>
    <ClCompile Include="main.cpp" />
    <ClCompile Include="Rendering\SceneRenderer.cpp">
      <Filter>Rendering</Filter>
    </ClCompile>
    <ClCompile Include="Rendering\RendererMediator.cpp">
      <Filter>Rendering</Filter>
    </ClCompile>
    <ClCompile Include="ThirdParty\imgui\imgui.cpp">
      <Filter>ThirdParty\imgui</Filter>
    </ClCompile>
    <ClCompile Include="ThirdParty\imgui\imgui_demo.cpp">
      <Filter>ThirdParty\imgui</Filter>
    </ClCompile>
    <ClCompile Include="ThirdParty\imgui\imgui_draw.cpp">
      <Filter>ThirdParty\imgui</Filter>
    </ClCompile>
    <ClCompile Include="ThirdParty\imgui\imgui_widgets.cpp">
      <Filter>ThirdParty\imgui</Filter>
    </ClCompile>
    <ClCompile Include="ThirdParty\imgui\imgui_impl_win32.cpp">
      <Filter>ThirdParty\imgui</Filter>
    </ClCompile>
    <ClCompile Include="Rendering\UiRenderer.cpp">
      <Filter>Rendering</Filter>
    </ClCompile>
    <ClCompile Include="ThirdParty\imgui\imgui_impl_dx12.cpp">
      <Filter>ThirdParty\imgui</Filter>
    </ClCompile>
    <ClCompile Include="Ui\ImguiTypeArithmetics.cpp">
      <Filter>Ui</Filter>
    </ClCompile>
    <ClCompile Include="Windows\SelectPathDialog.cpp">
      <Filter>Windows</Filter>
    </ClCompile>
    <ClCompile Include="Ui\Misc\AssetNameFilter.cpp">
      <Filter>Ui\Misc</Filter>
    </ClCompile>
    <ClCompile Include="Windows\Application.cpp">
      <Filter>Windows</Filter>
    </ClCompile>
    <ClCompile Include="Ui\Core\UiLayoutElement.cpp">
      <Filter>Ui\Core</Filter>
    </ClCompile>
    <ClCompile Include="Ui\Elements\GridLayout.cpp">
      <Filter>Ui\Elements</Filter>
    </ClCompile>
    <ClCompile Include="Ui\User\PropertyCompositeElement.cpp">
      <Filter>Ui\User</Filter>
    </ClCompile>
    <ClCompile Include="Ui\Core\UiBuilderImpl.cpp">
      <Filter>Ui\Core</Filter>
    </ClCompile>
    <ClCompile Include="Ui\Core\UiElement.cpp">
      <Filter>Ui\Core</Filter>
    </ClCompile>
    <ClCompile Include="Ui\BasicFrontends\SetVisibilityFrontend.cpp">
      <Filter>Ui\BasicFrontends</Filter>
    </ClCompile>
    <ClCompile Include="Core\Version.cpp">
      <Filter>Core</Filter>
    </ClCompile>
    <ClCompile Include="AssetTypes\ProjectAsset.cpp">
      <Filter>AssetTypes</Filter>
    </ClCompile>
    <ClCompile Include="Core\CreateProject.cpp">
      <Filter>Core</Filter>
    </ClCompile>
    <ClCompile Include="Ui\User\CreateProjectDialog.cpp">
      <Filter>Ui\User</Filter>
    </ClCompile>
    <ClCompile Include="Ui\User\StartupProjectDialog.cpp">
      <Filter>Ui\User</Filter>
    </ClCompile>
    <ClCompile Include="AssetTypes\ShaderAsset.cpp">
      <Filter>AssetTypes</Filter>
    </ClCompile>
    <ClCompile Include="AssetTypes\CacheAsset.cpp">
      <Filter>AssetTypes</Filter>
    </ClCompile>
    <ClCompile Include="Ui\UiStateMachine.cpp">
      <Filter>Ui</Filter>
    </ClCompile>
    <ClCompile Include="Ui\States\UiCreateProjectState.cpp">
      <Filter>Ui\States</Filter>
    </ClCompile>
    <ClCompile Include="Ui\States\UiProjectFetchStartupState.cpp">
      <Filter>Ui\States</Filter>
    </ClCompile>
    <ClCompile Include="Ui\States\UiProjectStartupState.cpp">
      <Filter>Ui\States</Filter>
    </ClCompile>
    <ClCompile Include="Ui\User\AssetBrowser.cpp">
      <Filter>Ui\User</Filter>
    </ClCompile>
    <ClCompile Include="AssetTypes\ImageAsset.cpp">
      <Filter>AssetTypes</Filter>
    </ClCompile>
    <ClCompile Include="AssetFactories\ImageFactory.cpp">
      <Filter>AssetFactories</Filter>
    </ClCompile>
    <ClCompile Include="Ui\Elements\ItemGridLayout.cpp">
      <Filter>Ui\Elements</Filter>
    </ClCompile>
  </ItemGroup>
  <ItemGroup>
    <ClInclude Include="Window\Windows\Window.hpp">
      <Filter>Window\Windows</Filter>
    </ClInclude>
    <ClInclude Include="Types\Dimensions2D.hpp">
      <Filter>Types</Filter>
    </ClInclude>
    <ClInclude Include="Rendering\SceneRenderer.hpp">
      <Filter>Rendering</Filter>
    </ClInclude>
    <ClInclude Include="Rendering\RendererMediator.hpp">
      <Filter>Rendering</Filter>
    </ClInclude>
    <ClInclude Include="ThirdParty\imgui\imconfig.h">
      <Filter>ThirdParty\imgui</Filter>
    </ClInclude>
    <ClInclude Include="ThirdParty\imgui\imgui.h">
      <Filter>ThirdParty\imgui</Filter>
    </ClInclude>
    <ClInclude Include="ThirdParty\imgui\imgui_internal.h">
      <Filter>ThirdParty\imgui</Filter>
    </ClInclude>
    <ClInclude Include="ThirdParty\imgui\imstb_rectpack.h">
      <Filter>ThirdParty\imgui</Filter>
    </ClInclude>
    <ClInclude Include="ThirdParty\imgui\imstb_textedit.h">
      <Filter>ThirdParty\imgui</Filter>
    </ClInclude>
    <ClInclude Include="ThirdParty\imgui\imstb_truetype.h">
      <Filter>ThirdParty\imgui</Filter>
    </ClInclude>
    <ClInclude Include="ThirdParty\imgui\imgui_impl_dx12.h">
      <Filter>ThirdParty\imgui</Filter>
    </ClInclude>
    <ClInclude Include="ThirdParty\imgui\imgui_impl_win32.h">
      <Filter>ThirdParty\imgui</Filter>
    </ClInclude>
    <ClInclude Include="Rendering\UiRenderer.hpp">
      <Filter>Rendering</Filter>
    </ClInclude>
    <ClInclude Include="Ui\ImguiTypeArithmetics.hpp">
      <Filter>Ui</Filter>
    </ClInclude>
    <ClInclude Include="Windows\SelectPathDialog.hpp">
      <Filter>Windows</Filter>
    </ClInclude>
    <ClInclude Include="Ui\Core\StringInputTarget.hpp">
      <Filter>Ui\Core</Filter>
    </ClInclude>
    <ClInclude Include="Ui\Misc\AssetNameFilter.hpp">
      <Filter>Ui\Misc</Filter>
    </ClInclude>
    <ClInclude Include="Ui\Core\Slot.hpp">
      <Filter>Ui\Core</Filter>
    </ClInclude>
    <ClInclude Include="Windows\Application.hpp">
      <Filter>Windows</Filter>
    </ClInclude>
    <ClInclude Include="Ui\Core\UiElement.hpp">
      <Filter>Ui\Core</Filter>
    </ClInclude>
    <ClInclude Include="Ui\Core\UiBuilder.hpp">
      <Filter>Ui\Core</Filter>
    </ClInclude>
    <ClInclude Include="Ui\Core\UiFrontend.hpp">
      <Filter>Ui\Core</Filter>
    </ClInclude>
    <ClInclude Include="Ui\Core\UiAccessElement.hpp">
      <Filter>Ui\Core</Filter>
    </ClInclude>
    <ClInclude Include="Ui\Core\UiLayoutElement.hpp">
      <Filter>Ui\Core</Filter>
    </ClInclude>
    <ClInclude Include="Ui\Elements\ButtonElement.hpp">
      <Filter>Ui\Elements</Filter>
    </ClInclude>
    <ClInclude Include="Ui\Elements\EqualColumnsLayout.hpp">
      <Filter>Ui\Elements</Filter>
    </ClInclude>
    <ClInclude Include="Ui\Elements\GridLayout.hpp">
      <Filter>Ui\Elements</Filter>
    </ClInclude>
    <ClInclude Include="Ui\Elements\InputElement.hpp">
      <Filter>Ui\Elements</Filter>
    </ClInclude>
    <ClInclude Include="Ui\User\PropertyCompositeElement.hpp">
      <Filter>Ui\User</Filter>
    </ClInclude>
    <ClInclude Include="Ui\User\CreateProjectDialog.hpp">
      <Filter>Ui\User</Filter>
    </ClInclude>
    <ClInclude Include="Ui\Elements\TextElement.hpp">
      <Filter>Ui\Elements</Filter>
    </ClInclude>
    <ClInclude Include="Ui\Elements\WindowElement.hpp">
      <Filter>Ui\Elements</Filter>
    </ClInclude>
    <ClInclude Include="Ui\Elements\ModalElement.hpp">
      <Filter>Ui\Elements</Filter>
    </ClInclude>
    <ClInclude Include="Ui\Core\UiBuilderImpl.hpp">
      <Filter>Ui\Core</Filter>
    </ClInclude>
    <ClInclude Include="Ui\User\StartupProjectDialog.hpp">
      <Filter>Ui\User</Filter>
    </ClInclude>
    <ClInclude Include="Ui\Core\UiDecorator.hpp">
      <Filter>Ui\Core</Filter>
    </ClInclude>
    <ClInclude Include="Ui\Core\ConstructionHelpers.hpp">
      <Filter>Ui\Core</Filter>
    </ClInclude>
    <ClInclude Include="Ui\BasicFrontends\SetVisibilityFrontend.hpp">
      <Filter>Ui\BasicFrontends</Filter>
    </ClInclude>
    <ClInclude Include="Core\CreateProject.hpp">
      <Filter>Core</Filter>
    </ClInclude>
    <ClInclude Include="AssetTypes\ProjectAsset.hpp">
      <Filter>AssetTypes</Filter>
    </ClInclude>
    <ClInclude Include="Core\Version.hpp">
      <Filter>Core</Filter>
    </ClInclude>
    <ClInclude Include="Ui\User\StringInputTargetImpl.hpp">
      <Filter>Ui\User</Filter>
    </ClInclude>
    <ClInclude Include="AssetTypes\ShaderAsset.hpp">
      <Filter>AssetTypes</Filter>
    </ClInclude>
    <ClInclude Include="AssetTypes\CacheAsset.hpp">
      <Filter>AssetTypes</Filter>
    </ClInclude>
    <ClInclude Include="Ui\UiStateMachine.hpp">
      <Filter>Ui</Filter>
    </ClInclude>
    <ClInclude Include="Ui\States\UiState.hpp">
      <Filter>Ui\States</Filter>
    </ClInclude>
    <ClInclude Include="Ui\States\UiProjectFetchStartupState.hpp">
      <Filter>Ui\States</Filter>
    </ClInclude>
    <ClInclude Include="Ui\States\UiCreateProjectState.hpp">
      <Filter>Ui\States</Filter>
    </ClInclude>
    <ClInclude Include="Ui\States\UiProjectStartupState.hpp">
      <Filter>Ui\States</Filter>
    </ClInclude>
    <ClInclude Include="Ui\User\AssetBrowser.hpp">
      <Filter>Ui\User</Filter>
    </ClInclude>
    <ClInclude Include="AssetTypes\ImageAsset.hpp">
      <Filter>AssetTypes</Filter>
    </ClInclude>
    <ClInclude Include="AssetFactories\ImageFactory.hpp">
      <Filter>AssetFactories</Filter>
    </ClInclude>
    <ClInclude Include="ThirdParty\stb_image.h">
      <Filter>ThirdParty</Filter>
    </ClInclude>
    <ClInclude Include="Core\ImageView.hpp">
      <Filter>Core</Filter>
    </ClInclude>
    <ClInclude Include="Ui\Elements\ImageButtonElement.hpp">
      <Filter>Ui\Elements</Filter>
    </ClInclude>
    <ClInclude Include="AssetFactories\ImageData.hpp">
      <Filter>AssetFactories</Filter>
    </ClInclude>
    <ClInclude Include="AssetTypes\AssetBase.hpp">
      <Filter>AssetTypes</Filter>
    </ClInclude>
    <ClInclude Include="Ui\Elements\ItemGridLayout.hpp">
      <Filter>Ui\Elements</Filter>
    </ClInclude>
  </ItemGroup>
  <ItemGroup>
    <Filter Include="Window">
      <UniqueIdentifier>{3d570620-b632-44e5-8f26-cf4994ff4bd9}</UniqueIdentifier>
    </Filter>
    <Filter Include="Window\Windows">
      <UniqueIdentifier>{7584e22f-30e5-46b9-9e18-057f60c25612}</UniqueIdentifier>
    </Filter>
    <Filter Include="Types">
      <UniqueIdentifier>{d5bb1d4c-f92b-406e-8600-5b4e37180d79}</UniqueIdentifier>
    </Filter>
    <Filter Include="Windows">
      <UniqueIdentifier>{fce20fdc-064e-4f2e-b5f3-c66a2c77d552}</UniqueIdentifier>
    </Filter>
    <Filter Include="Rendering">
      <UniqueIdentifier>{87365d01-48ca-4b61-8fc0-7c0523c44914}</UniqueIdentifier>
    </Filter>
    <Filter Include="ThirdParty">
      <UniqueIdentifier>{dc3ea16b-3856-4aa7-b7aa-f84b0a4a5e13}</UniqueIdentifier>
    </Filter>
    <Filter Include="ThirdParty\imgui">
      <UniqueIdentifier>{ddbbf907-7515-4c0a-b81f-98ba47aef966}</UniqueIdentifier>
    </Filter>
    <Filter Include="Ui">
      <UniqueIdentifier>{dcf19b90-d69e-4b31-b294-a47cf0afb6e6}</UniqueIdentifier>
    </Filter>
    <Filter Include="Ui\Core">
      <UniqueIdentifier>{0dd49621-d539-4645-95dc-654e3afff5a6}</UniqueIdentifier>
    </Filter>
    <Filter Include="Ui\Misc">
      <UniqueIdentifier>{406f811a-3931-4f1b-9dbf-b604d1b2d6e2}</UniqueIdentifier>
    </Filter>
    <Filter Include="Ui\Elements">
      <UniqueIdentifier>{6428eaf6-fc2c-480a-9cce-7ba927dbdd8d}</UniqueIdentifier>
    </Filter>
    <Filter Include="Ui\User">
      <UniqueIdentifier>{55f997ca-b729-4675-b687-1fabf666dc05}</UniqueIdentifier>
    </Filter>
    <Filter Include="Ui\BasicFrontends">
      <UniqueIdentifier>{7c47136c-f2fb-4a2c-944f-de9bc15f9651}</UniqueIdentifier>
    </Filter>
    <Filter Include="AssetTypes">
      <UniqueIdentifier>{199a8530-a057-4c69-9ddf-2592f0b89f61}</UniqueIdentifier>
    </Filter>
    <Filter Include="Core">
      <UniqueIdentifier>{bb721872-6a2a-44c3-a767-552c807a385b}</UniqueIdentifier>
    </Filter>
    <Filter Include="Ui\States">
      <UniqueIdentifier>{c7f63fec-ba2a-4ca0-984c-79e2451d3f62}</UniqueIdentifier>
    </Filter>
    <Filter Include="AssetFactories">
      <UniqueIdentifier>{2e71534a-ef8b-499f-8032-af9bed6b874d}</UniqueIdentifier>
    </Filter>
  </ItemGroup>
</Project>