<?xml version="1.0" encoding="utf-8"?>
<Project ToolsVersion="4.0" xmlns="http://schemas.microsoft.com/developer/msbuild/2003">
  <ItemGroup>
    <ClCompile Include="dllmain.cpp" />
    <ClCompile Include="AssetSystem.cpp" />
  </ItemGroup>
  <ItemGroup>
    <Filter Include="Interface">
      <UniqueIdentifier>{340573c0-5bb1-4ac5-a871-8f386d08931f}</UniqueIdentifier>
    </Filter>
  </ItemGroup>
  <ItemGroup>
    <ClInclude Include="Interface\AssetSystemExportHelper.hpp">
      <Filter>Interface</Filter>
    </ClInclude>
    <ClInclude Include="Interface\Asset.hpp">
      <Filter>Interface</Filter>
    </ClInclude>
    <ClInclude Include="Interface\LimitedReflection.hpp">
      <Filter>Interface</Filter>
    </ClInclude>
    <ClInclude Include="AssetRegistry.hpp" />
    <ClInclude Include="Interface\AssetSystem.hpp">
      <Filter>Interface</Filter>
    </ClInclude>
  </ItemGroup>
</Project>