<?xml version="1.0" encoding="utf-8"?>
<Project ToolsVersion="4.0" xmlns="http://schemas.microsoft.com/developer/msbuild/2003">
  <ItemGroup>
    <ClInclude Include="targetver.h" />
    <ClInclude Include="Interface\RendererExportHelper.hpp">
      <Filter>Interface</Filter>
    </ClInclude>
    <ClInclude Include="Interface\Resources\ResourceHandle.hpp">
      <Filter>Interface\Resources</Filter>
    </ClInclude>
    <ClInclude Include="Resources\ResourceFactory.hpp">
      <Filter>Resources</Filter>
    </ClInclude>
    <ClInclude Include="Resources\DynamicHeapSet.hpp">
      <Filter>Resources</Filter>
    </ClInclude>
    <ClInclude Include="Resources\ResourceMemory.hpp">
      <Filter>Resources</Filter>
    </ClInclude>
    <ClInclude Include="Resources\ResourceAllocation.hpp">
      <Filter>Resources</Filter>
    </ClInclude>
    <ClInclude Include="Interface\Resources\ResourceTypes.hpp">
      <Filter>Interface\Resources</Filter>
    </ClInclude>
    <ClInclude Include="Resources\SerialFactory.hpp">
      <Filter>Resources</Filter>
    </ClInclude>
    <ClInclude Include="Resources\ResourceFactoryDeallocatable.hpp">
      <Filter>Resources</Filter>
    </ClInclude>
    <ClInclude Include="Resources\RootSignature\TableLayout.hpp">
      <Filter>Resources\RootSignature</Filter>
    </ClInclude>
    <ClInclude Include="Resources\Descriptor\DescriptorAllocator.hpp">
      <Filter>Resources\Descriptor</Filter>
    </ClInclude>
    <ClInclude Include="Resources\Descriptor\DescriptorChunk.hpp">
      <Filter>Resources\Descriptor</Filter>
    </ClInclude>
    <ClInclude Include="Resources\Descriptor\DescriptorChunkRegistry.hpp">
      <Filter>Resources\Descriptor</Filter>
    </ClInclude>
    <ClInclude Include="Resources\Descriptor\DescriptorMemory.hpp">
      <Filter>Resources\Descriptor</Filter>
    </ClInclude>
    <ClInclude Include="Resources\Pso\PsoFactory.hpp">
      <Filter>Resources\Pso</Filter>
    </ClInclude>
    <ClInclude Include="Interface\Resources\Pso\PipelineTypes.hpp">
      <Filter>Interface\Resources\Pso</Filter>
    </ClInclude>
    <ClInclude Include="Resources\RootSignature\RootSignatureFactory.hpp">
      <Filter>Resources\RootSignature</Filter>
    </ClInclude>
    <ClInclude Include="Resources\HandleFactory.hpp">
      <Filter>Resources</Filter>
    </ClInclude>
    <ClInclude Include="Interface\Resources\Pso\VertexLayoutTypes.hpp">
      <Filter>Interface\Resources\Pso</Filter>
    </ClInclude>
    <ClInclude Include="Resources\Pso\VertexLayoutProvider.hpp">
      <Filter>Resources\Pso</Filter>
    </ClInclude>
    <ClInclude Include="Interface\Resources\Pso\ShaderList.hpp">
      <Filter>Interface\Resources\Pso</Filter>
    </ClInclude>
    <ClInclude Include="Resources\RootSignature\RootSignatureData.hpp">
      <Filter>Resources\RootSignature</Filter>
    </ClInclude>
    <ClInclude Include="Commands\RenderMeshCommand.hpp">
      <Filter>Commands</Filter>
    </ClInclude>
    <ClInclude Include="Interface\Resources\HandleWrapper.hpp">
      <Filter>Interface\Resources</Filter>
    </ClInclude>
    <ClInclude Include="Resources\ResourceRegistryDetachedReference.hpp">
      <Filter>Resources</Filter>
    </ClInclude>
    <ClInclude Include="Lighting\LightGrid\VolumeTileGrid.hpp">
      <Filter>Lighting\LightGrid</Filter>
    </ClInclude>
    <ClInclude Include="ShaderRelevantTypes\VolumeTileGridData.hpp">
      <Filter>ShaderRelevantTypes</Filter>
    </ClInclude>
    <ClInclude Include="Interface\Resources\SerializationHook.hpp">
      <Filter>Interface\Resources</Filter>
    </ClInclude>
    <ClInclude Include="Interface\Resources\SerializationContainer.hpp">
      <Filter>Interface\Resources</Filter>
    </ClInclude>
    <ClInclude Include="Resources\UsesReferences.hpp">
      <Filter>Resources</Filter>
    </ClInclude>
    <ClInclude Include="Resources\HasQueriableResources.hpp">
      <Filter>Resources</Filter>
    </ClInclude>
    <ClInclude Include="Resources\Registry.hpp">
      <Filter>Resources</Filter>
    </ClInclude>
    <ClInclude Include="Resources\ResourceRegistry.hpp">
      <Filter>Resources</Filter>
    </ClInclude>
    <ClInclude Include="Interface\Resources\MaintainsRenderResources.hpp">
      <Filter>Resources</Filter>
    </ClInclude>
    <ClInclude Include="Commands\RenderCommandCompute.hpp">
      <Filter>Commands</Filter>
    </ClInclude>
    <ClInclude Include="Commands\RenderCommandGraphics.hpp">
      <Filter>Commands</Filter>
    </ClInclude>
    <ClInclude Include="Resources\RenderSurface.hpp">
      <Filter>Resources</Filter>
    </ClInclude>
    <ClInclude Include="Resources\MaintainsInternalRenderResources.hpp">
      <Filter>Resources</Filter>
    </ClInclude>
    <ClInclude Include="ShaderRelevantTypes\GlobalBufferData.hpp">
      <Filter>ShaderRelevantTypes</Filter>
    </ClInclude>
    <ClInclude Include="ShaderRelevantTypes\Light.hpp">
      <Filter>ShaderRelevantTypes</Filter>
    </ClInclude>
    <ClInclude Include="Lighting\LightContainer.hpp">
      <Filter>Lighting</Filter>
    </ClInclude>
    <ClInclude Include="Commands\CompositeRecordCommand.hpp">
      <Filter>Commands</Filter>
    </ClInclude>
    <ClInclude Include="Commands\LightingSetup\AssignLightsToTilesCommand.hpp">
      <Filter>Commands\LightingSetup</Filter>
    </ClInclude>
    <ClInclude Include="Commands\LightingSetup\FlagActiveVolumeTilesCommand.hpp">
      <Filter>Commands\LightingSetup</Filter>
    </ClInclude>
    <ClInclude Include="Commands\LightingSetup\BuildActiveTileListCommand.hpp">
      <Filter>Commands\LightingSetup</Filter>
    </ClInclude>
    <ClInclude Include="Commands\LightingSetup\GenerateActiveTileListCommand.hpp">
      <Filter>Commands\LightingSetup</Filter>
    </ClInclude>
    <ClInclude Include="Commands\CommandProcessorImpl.hpp">
      <Filter>Commands</Filter>
    </ClInclude>
    <ClInclude Include="Commands\BindPsoAndSignatureCommand.hpp">
      <Filter>Commands</Filter>
    </ClInclude>
    <ClInclude Include="Commands\PrepareSurfaceForRenderingCommand.hpp">
      <Filter>Commands</Filter>
    </ClInclude>
    <ClInclude Include="Commands\GlobalBufferContextCommand.hpp">
      <Filter>Commands</Filter>
    </ClInclude>
    <ClInclude Include="Commands\BindDescriptorsContextCommand.hpp">
      <Filter>Commands</Filter>
    </ClInclude>
    <ClInclude Include="Commands\LightingContextCommand.hpp">
      <Filter>Commands</Filter>
    </ClInclude>
    <ClInclude Include="Commands\BindSurfaceCommand.hpp">
      <Filter>Commands</Filter>
    </ClInclude>
    <ClInclude Include="Commands\ClearDepthSurfaceCommand.hpp">
      <Filter>Commands</Filter>
    </ClInclude>
    <ClInclude Include="Commands\InitVolumeTileGridCommand.hpp">
      <Filter>Commands</Filter>
    </ClInclude>
    <ClInclude Include="Commands\PrepareSurfaceForPresentCommand.h">
      <Filter>Commands</Filter>
    </ClInclude>
    <ClInclude Include="Interface\Commands\Command.hpp">
      <Filter>Interface\Commands</Filter>
    </ClInclude>
    <ClInclude Include="Interface\Commands\CommandProcessor.hpp">
      <Filter>Interface\Commands</Filter>
    </ClInclude>
    <ClInclude Include="Commands\DX12Command.hpp">
      <Filter>Commands</Filter>
    </ClInclude>
    <ClInclude Include="Commands\DX12CommandProcessor.hpp">
      <Filter>Commands</Filter>
    </ClInclude>
    <ClInclude Include="Commands\Surface\PrepareSurfaceForRenderingCommand.hpp">
      <Filter>Commands\Surface</Filter>
    </ClInclude>
    <ClInclude Include="Commands\DX12CommandFactory.hpp">
      <Filter>Commands</Filter>
    </ClInclude>
    <ClInclude Include="Interface\Commands\CommandFactory.hpp">
      <Filter>Interface\Commands</Filter>
    </ClInclude>
    <ClInclude Include="Commands\PresentSurfaceCommandOld.hpp">
      <Filter>Commands</Filter>
    </ClInclude>
    <ClInclude Include="Commands\Surface\PresentSurfaceCommand.hpp">
      <Filter>Commands\Surface</Filter>
    </ClInclude>
    <ClInclude Include="Interface\StateSettings\StateSettings.hpp">
      <Filter>Interface\StateSettings</Filter>
    </ClInclude>
    <ClInclude Include="Interface\StateSettings\BlendSettings.hpp">
      <Filter>Interface\StateSettings</Filter>
    </ClInclude>
    <ClInclude Include="Interface\StateSettings\DepthStencilSettings.hpp">
      <Filter>Interface\StateSettings</Filter>
    </ClInclude>
    <ClInclude Include="StateSettings\BlendSettingsImpl.hpp">
      <Filter>StateSettings</Filter>
    </ClInclude>
    <ClInclude Include="StateSettings\DepthStencilSettingsImpl.hpp">
      <Filter>StateSettings</Filter>
    </ClInclude>
    <ClInclude Include="Interface\StateSettings\RasterizerSettings.hpp">
      <Filter>Interface\StateSettings</Filter>
    </ClInclude>
    <ClInclude Include="Interface\StateSettings\VertexLayoutSettings.hpp">
      <Filter>Interface\StateSettings</Filter>
    </ClInclude>
    <ClInclude Include="StateSettings\FormatTargetsImpl.hpp">
      <Filter>StateSettings</Filter>
    </ClInclude>
    <ClInclude Include="StateSettings\VertexLayoutSettingsImpl.hpp">
      <Filter>StateSettings</Filter>
    </ClInclude>
    <ClInclude Include="Interface\StateSettings\FormatTargets.hpp">
      <Filter>Interface\StateSettings</Filter>
    </ClInclude>
    <ClInclude Include="Interface\StateSettings\SemanticTargets.hpp">
      <Filter>Interface\StateSettings</Filter>
    </ClInclude>
    <ClInclude Include="StateSettings\SemanticTargetsImpl.hpp">
      <Filter>StateSettings</Filter>
    </ClInclude>
    <ClInclude Include="StateSettings\RasterizerSettingsImpl.hpp">
      <Filter>StateSettings</Filter>
    </ClInclude>
    <ClInclude Include="Interface\StateSettings\AddressingTargets.hpp">
      <Filter>Interface\StateSettings</Filter>
    </ClInclude>
    <ClInclude Include="Interface\StateSettings\FilterTargets.hpp">
      <Filter>Interface\StateSettings</Filter>
    </ClInclude>
    <ClInclude Include="StateSettings\AddressingTargetsImpl.hpp">
      <Filter>StateSettings</Filter>
    </ClInclude>
    <ClInclude Include="StateSettings\FilterTargetsImpl.hpp">
      <Filter>StateSettings</Filter>
    </ClInclude>
    <ClInclude Include="Interface\ResourceViewFactory.hpp">
      <Filter>Interface</Filter>
    </ClInclude>
    <ClInclude Include="Resources\Descriptor\ResourceViewFactoryImpl.hpp">
      <Filter>Resources\Descriptor</Filter>
    </ClInclude>
    <ClInclude Include="StateSettings\TargetHelpers.hpp">
      <Filter>StateSettings</Filter>
    </ClInclude>
    <ClInclude Include="Commands\Basic\SetViewportCommand.hpp">
      <Filter>Commands\Basic</Filter>
    </ClInclude>
    <ClInclude Include="Commands\Basic\SetScissorRectCommand.hpp">
      <Filter>Commands\Basic</Filter>
    </ClInclude>
    <ClInclude Include="Commands\Basic\SetVertexBufferCommand.hpp">
      <Filter>Commands\Basic</Filter>
    </ClInclude>
    <ClInclude Include="Commands\Basic\SetIndexBufferCommand.hpp">
      <Filter>Commands\Basic</Filter>
    </ClInclude>
    <ClInclude Include="Commands\Basic\SetPipelineStateCommand.hpp">
      <Filter>Commands\Basic</Filter>
    </ClInclude>
    <ClInclude Include="Commands\Basic\SetSignatureGraphicsCommand.hpp">
      <Filter>Commands\Basic</Filter>
    </ClInclude>
    <ClInclude Include="Commands\Basic\SetDescriptorBlockViewsGraphicsCommand.hpp">
      <Filter>Commands\Basic</Filter>
    </ClInclude>
    <ClInclude Include="Interface\Commands\CompositeCommand.hpp">
      <Filter>Interface\Commands</Filter>
    </ClInclude>
    <ClInclude Include="Commands\Basic\DrawIndexedInstancedCommand.hpp">
      <Filter>Commands\Basic</Filter>
    </ClInclude>
    <ClInclude Include="Interface\StateSettings\SamplerSpec.hpp">
      <Filter>Interface\StateSettings</Filter>
    </ClInclude>
    <ClInclude Include="Commands\UserContextCommandWrapper.hpp">
      <Filter>Commands</Filter>
    </ClInclude>
    <ClInclude Include="Interface\Commands\CompositeCommand.hpp">
      <Filter>Interface\Commands</Filter>
    </ClInclude>
    <ClInclude Include="Interface\ContainsReferences.hpp">
      <Filter>Interface</Filter>
    </ClInclude>
    <ClInclude Include="Resources\Descriptor\ReferenceAwareDescriptorAllocator.hpp">
      <Filter>Resources\Descriptor</Filter>
    </ClInclude>
    <ClInclude Include="Helpers.hpp" />
    <ClInclude Include="Interface\RendererFacade.hpp">
      <Filter>Interface</Filter>
    </ClInclude>
    <ClInclude Include="RendererFacadeImpl.hpp" />
  </ItemGroup>
  <ItemGroup>
    <ClCompile Include="dllmain.cpp" />
    <ClCompile Include="Interface\Renderer.cpp">
      <Filter>Interface</Filter>
    </ClCompile>
    <ClCompile Include="Resources\ResourceFactory.cpp">
      <Filter>Resources</Filter>
    </ClCompile>
    <ClCompile Include="Resources\DynamicHeapSet.cpp">
      <Filter>Resources</Filter>
    </ClCompile>
    <ClCompile Include="Resources\ResourceMemory.cpp">
      <Filter>Resources</Filter>
    </ClCompile>
    <ClCompile Include="Resources\ResourceAllocation.cpp">
      <Filter>Resources</Filter>
    </ClCompile>
    <ClCompile Include="Resources\SerialFactory.cpp">
      <Filter>Resources</Filter>
    </ClCompile>
    <ClCompile Include="Resources\ResourceFactoryDeallocatable.cpp">
      <Filter>Resources</Filter>
    </ClCompile>
    <ClCompile Include="Resources\RootSignature\TableLayout.cpp">
      <Filter>Resources\RootSignature</Filter>
    </ClCompile>
    <ClCompile Include="Resources\Descriptor\DescriptorAllocator.cpp">
      <Filter>Resources\Descriptor</Filter>
    </ClCompile>
    <ClCompile Include="Resources\Descriptor\DescriptorChunkRegistry.cpp">
      <Filter>Resources\Descriptor</Filter>
    </ClCompile>
    <ClCompile Include="Resources\Descriptor\DescriptorMemory.cpp">
      <Filter>Resources\Descriptor</Filter>
    </ClCompile>
    <ClCompile Include="Resources\RootSignature\RootSignatureFactory.cpp">
      <Filter>Resources\RootSignature</Filter>
    </ClCompile>
    <ClCompile Include="Resources\Pso\PsoFactory.cpp">
      <Filter>Resources\Pso</Filter>
    </ClCompile>
    <ClCompile Include="Resources\HandleFactory.cpp">
      <Filter>Resources</Filter>
    </ClCompile>
    <ClCompile Include="Resources\Pso\VertexLayoutProvider.cpp">
      <Filter>Resources\Pso</Filter>
    </ClCompile>
    <ClCompile Include="Commands\RenderMeshCommand.cpp">
      <Filter>Commands</Filter>
    </ClCompile>
    <ClCompile Include="Resources\HandleWrapper.cpp">
      <Filter>Resources</Filter>
    </ClCompile>
    <ClCompile Include="Resources\ResourceHandle.cpp">
      <Filter>Resources</Filter>
    </ClCompile>
    <ClCompile Include="Resources\ResourceRegistryDetachedReference.cpp">
      <Filter>Resources</Filter>
    </ClCompile>
    <ClCompile Include="Lighting\LightGrid\VolumeTileGrid.cpp">
      <Filter>Lighting\LightGrid</Filter>
    </ClCompile>
    <ClCompile Include="Resources\SerializationContainer.cpp">
      <Filter>Resources</Filter>
    </ClCompile>
    <ClCompile Include="Resources\SerializationHook.cpp">
      <Filter>Resources</Filter>
    </ClCompile>
    <ClCompile Include="Resources\Registry.cpp">
      <Filter>Resources</Filter>
    </ClCompile>
    <ClCompile Include="Resources\ResourceRegistry.cpp">
      <Filter>Resources</Filter>
    </ClCompile>
    <ClCompile Include="Resources\RenderSurface.cpp">
      <Filter>Resources</Filter>
    </ClCompile>
    <ClCompile Include="Lighting\LightContainer.cpp">
      <Filter>Lighting</Filter>
    </ClCompile>
    <ClCompile Include="Commands\LightingSetup\AssignLightsToTilesCommand.cpp">
      <Filter>Commands\LightingSetup</Filter>
    </ClCompile>
    <ClCompile Include="Commands\LightingSetup\FlagActiveVolumeTilesCommand.cpp">
      <Filter>Commands\LightingSetup</Filter>
    </ClCompile>
    <ClCompile Include="Commands\LightingSetup\BuildActiveTileListCommand.cpp">
      <Filter>Commands\LightingSetup</Filter>
    </ClCompile>
    <ClCompile Include="Commands\LightingSetup\GenerateActiveTileListCommand.cpp">
      <Filter>Commands\LightingSetup</Filter>
    </ClCompile>
    <ClCompile Include="Commands\CommandProcessorImpl.cpp">
      <Filter>Commands</Filter>
    </ClCompile>
    <ClCompile Include="Commands\BindPsoAndSignatureCommand.cpp">
      <Filter>Commands</Filter>
    </ClCompile>
    <ClCompile Include="Commands\BindDescriptorsContextCommand.cpp">
      <Filter>Commands</Filter>
    </ClCompile>
    <ClCompile Include="Commands\LightingContextCommand.cpp">
      <Filter>Commands</Filter>
    </ClCompile>
    <ClCompile Include="Commands\InitVolumeTileGridCommand.cpp">
      <Filter>Commands</Filter>
    </ClCompile>
    <ClCompile Include="Commands\DX12CommandFactory.cpp">
      <Filter>Commands</Filter>
    </ClCompile>
    <ClCompile Include="Commands\PresentSurfaceCommandOld.cpp">
      <Filter>Commands</Filter>
    </ClCompile>
    <ClCompile Include="StateSettings\BlendSettingsImpl.cpp">
      <Filter>StateSettings</Filter>
    </ClCompile>
    <ClCompile Include="StateSettings\DepthStencilSettingsImpl.cpp">
      <Filter>StateSettings</Filter>
    </ClCompile>
    <ClCompile Include="StateSettings\FormatTargetsImpl.cpp">
      <Filter>StateSettings</Filter>
    </ClCompile>
    <ClCompile Include="StateSettings\VertexLayoutSettingsImpl.cpp">
      <Filter>StateSettings</Filter>
    </ClCompile>
    <ClCompile Include="StateSettings\SemanticTargetsImpl.cpp">
      <Filter>StateSettings</Filter>
    </ClCompile>
    <ClCompile Include="StateSettings\RasterizerSettingsImpl.cpp">
      <Filter>StateSettings</Filter>
    </ClCompile>
    <ClCompile Include="StateSettings\AddressingTargetsImpl.cpp">
      <Filter>StateSettings</Filter>
    </ClCompile>
    <ClCompile Include="StateSettings\FilterTargetsImpl.cpp">
      <Filter>StateSettings</Filter>
    </ClCompile>
    <ClCompile Include="Resources\Descriptor\ResourceViewFactoryImpl.cpp">
      <Filter>Resources\Descriptor</Filter>
    </ClCompile>
    <ClCompile Include="Commands\Basic\SetViewportCommand.cpp">
      <Filter>Commands\Basic</Filter>
    </ClCompile>
    <ClCompile Include="Commands\Basic\SetVertexBufferCommand.cpp">
      <Filter>Commands\Basic</Filter>
    </ClCompile>
    <ClCompile Include="Commands\Basic\SetScissorRectCommand.cpp">
      <Filter>Commands\Basic</Filter>
    </ClCompile>
    <ClCompile Include="Commands\Basic\SetSignatureGraphicsCommand.cpp">
      <Filter>Commands\Basic</Filter>
    </ClCompile>
    <ClCompile Include="Commands\Basic\SetPipelineStateCommand.cpp">
      <Filter>Commands\Basic</Filter>
    </ClCompile>
    <ClCompile Include="Commands\Basic\SetIndexBufferCommand.cpp">
      <Filter>Commands\Basic</Filter>
    </ClCompile>
    <ClCompile Include="Commands\Basic\SetDescriptorBlockViewsGraphicsCommand.cpp">
      <Filter>Commands\Basic</Filter>
    </ClCompile>
    <ClCompile Include="Interface\Commands\CompositeCommand.cpp">
      <Filter>Interface\Commands</Filter>
    </ClCompile>
    <ClCompile Include="Commands\Basic\DrawIndexedInstancedCommand.cpp">
      <Filter>Commands\Basic</Filter>
    </ClCompile>
    <ClCompile Include="RendererFacadeImpl.cpp" />
  </ItemGroup>
  <ItemGroup>
    <Filter Include="Interface">
      <UniqueIdentifier>{523ae172-5199-41df-8686-ec628f3e8f81}</UniqueIdentifier>
    </Filter>
    <Filter Include="Resources">
      <UniqueIdentifier>{a38f929e-8f89-475b-bc3e-806dcd164ce6}</UniqueIdentifier>
    </Filter>
    <Filter Include="Interface\Resources">
      <UniqueIdentifier>{0422f1da-b27c-4a5f-9f1f-ded45e9e9bda}</UniqueIdentifier>
    </Filter>
    <Filter Include="Resources\RootSignature">
      <UniqueIdentifier>{f86714ce-577f-4bc9-987a-8c04934cd6e8}</UniqueIdentifier>
    </Filter>
    <Filter Include="Resources\Descriptor">
      <UniqueIdentifier>{a2b40c86-97dd-471e-81f7-3055626c278f}</UniqueIdentifier>
    </Filter>
    <Filter Include="Resources\Pso">
      <UniqueIdentifier>{f5586f5d-6685-4135-8175-704e2429a6a8}</UniqueIdentifier>
    </Filter>
    <Filter Include="Interface\Resources\Pso">
      <UniqueIdentifier>{81db0852-4be5-4c7b-a2bd-a94f81cda368}</UniqueIdentifier>
    </Filter>
    <Filter Include="Commands">
      <UniqueIdentifier>{b526f4d7-e40e-4611-9c77-f5e6f623ac51}</UniqueIdentifier>
    </Filter>
    <Filter Include="Lighting">
      <UniqueIdentifier>{b0a0db8e-7e66-4b16-bfda-3131e48028b9}</UniqueIdentifier>
    </Filter>
    <Filter Include="Lighting\LightGrid">
      <UniqueIdentifier>{ce76d3ed-a52c-438b-9da7-01cacaabf5f6}</UniqueIdentifier>
    </Filter>
    <Filter Include="ShaderRelevantTypes">
      <UniqueIdentifier>{4a9d49ad-d017-48e6-b89a-1860419f8e9e}</UniqueIdentifier>
    </Filter>
    <Filter Include="Commands\LightingSetup">
      <UniqueIdentifier>{6c107102-58b6-486d-8174-b457996d0fe7}</UniqueIdentifier>
    </Filter>
    <Filter Include="Interface\Commands">
      <UniqueIdentifier>{03444547-e59a-4d6e-bb79-1dc5f2aace09}</UniqueIdentifier>
    </Filter>
    <Filter Include="Commands\Surface">
      <UniqueIdentifier>{c903f83d-8590-4ac6-8033-d1e7fb5ac6ad}</UniqueIdentifier>
    </Filter>
    <Filter Include="Interface\StateSettings">
      <UniqueIdentifier>{c22f794f-5bff-484f-bd5c-dd4c6fe95217}</UniqueIdentifier>
    </Filter>
    <Filter Include="StateSettings">
      <UniqueIdentifier>{2902b0dd-1459-46e0-b961-17347c10abde}</UniqueIdentifier>
    </Filter>
    <Filter Include="Commands\Basic">
      <UniqueIdentifier>{aad6765a-6344-4012-ba88-f613411d9b7a}</UniqueIdentifier>
    </Filter>
  </ItemGroup>
</Project>