<?xml version="1.0" encoding="utf-8"?>
<Project ToolsVersion="4.0" xmlns="http://schemas.microsoft.com/developer/msbuild/2003">
  <ItemGroup>
    <ClInclude Include="targetver.h" />
    <ClInclude Include="Interface\RendererExportHelper.hpp">
      <Filter>Interface</Filter>
    </ClInclude>
    <ClInclude Include="Interface\Renderer.hpp">
      <Filter>Interface</Filter>
    </ClInclude>
    <ClInclude Include="Interface\Resources\ResourceHandle.hpp">
      <Filter>Interface\Resources</Filter>
    </ClInclude>
    <ClInclude Include="Resources\ResourceFactory.hpp">
      <Filter>Resources</Filter>
    </ClInclude>
    <ClInclude Include="Resources\DynamicHeapSet.hpp">
      <Filter>Resources</Filter>
    </ClInclude>
    <ClInclude Include="Resources\ResourceMemory.hpp">
      <Filter>Resources</Filter>
    </ClInclude>
    <ClInclude Include="Resources\ResourceAllocation.hpp">
      <Filter>Resources</Filter>
    </ClInclude>
    <ClInclude Include="Interface\Resources\ResourceTypes.hpp">
      <Filter>Interface\Resources</Filter>
    </ClInclude>
    <ClInclude Include="Resources\SerialFactory.hpp">
      <Filter>Resources</Filter>
    </ClInclude>
    <ClInclude Include="Resources\ResourceFactoryDeallocatable.hpp">
      <Filter>Resources</Filter>
    </ClInclude>
    <ClInclude Include="Resources\RootSignature\TableLayout.hpp">
      <Filter>Resources\RootSignature</Filter>
    </ClInclude>
    <ClInclude Include="Resources\Descriptor\DescriptorAllocator.hpp">
      <Filter>Resources\Descriptor</Filter>
    </ClInclude>
    <ClInclude Include="Resources\Descriptor\DescriptorChunk.hpp">
      <Filter>Resources\Descriptor</Filter>
    </ClInclude>
    <ClInclude Include="Resources\Descriptor\DescriptorChunkRegistry.hpp">
      <Filter>Resources\Descriptor</Filter>
    </ClInclude>
    <ClInclude Include="Resources\Descriptor\DescriptorMemory.hpp">
      <Filter>Resources\Descriptor</Filter>
    </ClInclude>
    <ClInclude Include="Resources\Pso\PsoFactory.hpp">
      <Filter>Resources\Pso</Filter>
    </ClInclude>
    <ClInclude Include="Interface\Resources\Pso\PipelineTypes.hpp">
      <Filter>Interface\Resources\Pso</Filter>
    </ClInclude>
    <ClInclude Include="Resources\RootSignature\RootSignatureFactory.hpp">
      <Filter>Resources\RootSignature</Filter>
    </ClInclude>
    <ClInclude Include="Resources\HandleFactory.hpp">
      <Filter>Resources</Filter>
    </ClInclude>
    <ClInclude Include="Interface\Resources\Pso\VertexLayoutTypes.hpp">
      <Filter>Interface\Resources\Pso</Filter>
    </ClInclude>
    <ClInclude Include="Resources\Pso\VertexLayoutProvider.hpp">
      <Filter>Resources\Pso</Filter>
    </ClInclude>
    <ClInclude Include="Interface\Resources\Pso\ShaderList.hpp">
      <Filter>Interface\Resources\Pso</Filter>
    </ClInclude>
    <ClInclude Include="Resources\RootSignature\RootSignatureData.hpp">
      <Filter>Resources\RootSignature</Filter>
    </ClInclude>
    <ClInclude Include="Commands\RenderMeshCommand.hpp">
      <Filter>Commands</Filter>
    </ClInclude>
    <ClInclude Include="Interface\Resources\HandleWrapper.hpp">
      <Filter>Interface\Resources</Filter>
    </ClInclude>
    <ClInclude Include="RendererMaster.hpp" />
    <ClInclude Include="Resources\ResourceRegistryDetachedReference.hpp">
      <Filter>Resources</Filter>
    </ClInclude>
    <ClInclude Include="Lighting\LightGrid\VolumeTileGrid.hpp">
      <Filter>Lighting\LightGrid</Filter>
    </ClInclude>
    <ClInclude Include="ShaderRelevantTypes\VolumeTileGridData.hpp">
      <Filter>ShaderRelevantTypes</Filter>
    </ClInclude>
    <ClInclude Include="ForwardRenderer.hpp" />
    <ClInclude Include="Interface\Resources\SerializationHook.hpp">
      <Filter>Interface\Resources</Filter>
    </ClInclude>
    <ClInclude Include="Interface\Resources\SerializationContainer.hpp">
      <Filter>Interface\Resources</Filter>
    </ClInclude>
    <ClInclude Include="Resources\UsesReferences.hpp">
      <Filter>Resources</Filter>
    </ClInclude>
    <ClInclude Include="Resources\HasQueriableResources.hpp">
      <Filter>Resources</Filter>
    </ClInclude>
    <ClInclude Include="Resources\Registry.hpp">
      <Filter>Resources</Filter>
    </ClInclude>
    <ClInclude Include="Resources\ResourceRegistry.hpp">
      <Filter>Resources</Filter>
    </ClInclude>
    <ClInclude Include="Interface\Resources\MaintainsRenderResources.hpp">
      <Filter>Resources</Filter>
    </ClInclude>
    <ClInclude Include="FrameWorker.hpp" />
    <ClInclude Include="Commands\RenderCommand.hpp">
      <Filter>Commands</Filter>
    </ClInclude>
    <ClInclude Include="Commands\RenderCommandCompute.hpp">
      <Filter>Commands</Filter>
    </ClInclude>
    <ClInclude Include="Commands\RenderCommandGraphics.hpp">
      <Filter>Commands</Filter>
    </ClInclude>
    <ClInclude Include="Commands\CommandInitVolumeTileGrid.hpp">
      <Filter>Commands</Filter>
    </ClInclude>
    <ClInclude Include="Resources\RenderSurface.hpp">
      <Filter>Resources</Filter>
    </ClInclude>
    <ClInclude Include="Resources\MaintainsInternalRenderResources.hpp">
      <Filter>Resources</Filter>
    </ClInclude>
    <ClInclude Include="ShaderRelevantTypes\GlobalBufferData.hpp">
      <Filter>ShaderRelevantTypes</Filter>
    </ClInclude>
    <ClInclude Include="Commands\CommandFlagActiveVolumeTiles.hpp">
      <Filter>Commands</Filter>
    </ClInclude>
    <ClInclude Include="Resources\Pso\DepthStencilFactory.hpp">
      <Filter>Resources\Pso</Filter>
    </ClInclude>
    <ClInclude Include="Resources\Pso\DepthStencilFactoryDefault.hpp">
      <Filter>Resources\Pso</Filter>
    </ClInclude>
    <ClInclude Include="Commands\CommandClearDepthSurface.hpp">
      <Filter>Commands</Filter>
    </ClInclude>
    <ClInclude Include="Commands\CommandPrepareSurfaceForPresent.h">
      <Filter>Commands</Filter>
    </ClInclude>
    <ClInclude Include="Commands\CommandBindSurface.hpp">
      <Filter>Commands</Filter>
    </ClInclude>
    <ClInclude Include="Commands\CommandPrepareSurfaceForRendering.hpp">
      <Filter>Commands</Filter>
    </ClInclude>
    <ClInclude Include="Commands\CommandBuildActiveTileList.hpp">
      <Filter>Commands</Filter>
    </ClInclude>
    <ClInclude Include="Commands\CommandFactory.hpp">
      <Filter>Commands</Filter>
    </ClInclude>
    <ClInclude Include="ShaderRelevantTypes\Light.hpp">
      <Filter>ShaderRelevantTypes</Filter>
    </ClInclude>
    <ClInclude Include="Lighting\LightContainer.hpp">
      <Filter>Lighting</Filter>
    </ClInclude>
  </ItemGroup>
  <ItemGroup>
    <ClCompile Include="dllmain.cpp" />
    <ClCompile Include="Interface\Renderer.cpp">
      <Filter>Interface</Filter>
    </ClCompile>
    <ClCompile Include="Resources\ResourceFactory.cpp">
      <Filter>Resources</Filter>
    </ClCompile>
    <ClCompile Include="Resources\DynamicHeapSet.cpp">
      <Filter>Resources</Filter>
    </ClCompile>
    <ClCompile Include="Resources\ResourceMemory.cpp">
      <Filter>Resources</Filter>
    </ClCompile>
    <ClCompile Include="Resources\ResourceAllocation.cpp">
      <Filter>Resources</Filter>
    </ClCompile>
    <ClCompile Include="Resources\SerialFactory.cpp">
      <Filter>Resources</Filter>
    </ClCompile>
    <ClCompile Include="Resources\ResourceFactoryDeallocatable.cpp">
      <Filter>Resources</Filter>
    </ClCompile>
    <ClCompile Include="Resources\RootSignature\TableLayout.cpp">
      <Filter>Resources\RootSignature</Filter>
    </ClCompile>
    <ClCompile Include="Resources\Descriptor\DescriptorAllocator.cpp">
      <Filter>Resources\Descriptor</Filter>
    </ClCompile>
    <ClCompile Include="Resources\Descriptor\DescriptorChunkRegistry.cpp">
      <Filter>Resources\Descriptor</Filter>
    </ClCompile>
    <ClCompile Include="Resources\Descriptor\DescriptorMemory.cpp">
      <Filter>Resources\Descriptor</Filter>
    </ClCompile>
    <ClCompile Include="Resources\RootSignature\RootSignatureFactory.cpp">
      <Filter>Resources\RootSignature</Filter>
    </ClCompile>
    <ClCompile Include="Resources\Pso\PsoFactory.cpp">
      <Filter>Resources\Pso</Filter>
    </ClCompile>
    <ClCompile Include="Resources\HandleFactory.cpp">
      <Filter>Resources</Filter>
    </ClCompile>
    <ClCompile Include="Resources\Pso\VertexLayoutProvider.cpp">
      <Filter>Resources\Pso</Filter>
    </ClCompile>
    <ClCompile Include="Commands\RenderMeshCommand.cpp">
      <Filter>Commands</Filter>
    </ClCompile>
    <ClCompile Include="Resources\HandleWrapper.cpp">
      <Filter>Resources</Filter>
    </ClCompile>
    <ClCompile Include="Resources\ResourceHandle.cpp">
      <Filter>Resources</Filter>
    </ClCompile>
    <ClCompile Include="RendererMaster.cpp" />
    <ClCompile Include="Resources\ResourceRegistryDetachedReference.cpp">
      <Filter>Resources</Filter>
    </ClCompile>
    <ClCompile Include="Lighting\LightGrid\VolumeTileGrid.cpp">
      <Filter>Lighting\LightGrid</Filter>
    </ClCompile>
    <ClCompile Include="ForwardRenderer.cpp" />
    <ClCompile Include="Resources\SerializationContainer.cpp">
      <Filter>Resources</Filter>
    </ClCompile>
    <ClCompile Include="Resources\SerializationHook.cpp">
      <Filter>Resources</Filter>
    </ClCompile>
    <ClCompile Include="Resources\Registry.cpp">
      <Filter>Resources</Filter>
    </ClCompile>
    <ClCompile Include="Resources\ResourceRegistry.cpp">
      <Filter>Resources</Filter>
    </ClCompile>
    <ClCompile Include="FrameWorker.cpp" />
    <ClCompile Include="Resources\RenderSurface.cpp">
      <Filter>Resources</Filter>
    </ClCompile>
    <ClCompile Include="Commands\CommandInitVolumeTileGrid.cpp">
      <Filter>Commands</Filter>
    </ClCompile>
    <ClCompile Include="Commands\CommandFlagActiveVolumeTiles.cpp">
      <Filter>Commands</Filter>
    </ClCompile>
    <ClCompile Include="Commands\RenderCommand.cpp">
      <Filter>Commands</Filter>
    </ClCompile>
    <ClCompile Include="Commands\CommandBuildActiveTileList.cpp">
      <Filter>Commands</Filter>
    </ClCompile>
    <ClCompile Include="Lighting\LightContainer.cpp">
      <Filter>Lighting</Filter>
    </ClCompile>
  </ItemGroup>
  <ItemGroup>
    <Filter Include="Interface">
      <UniqueIdentifier>{523ae172-5199-41df-8686-ec628f3e8f81}</UniqueIdentifier>
    </Filter>
    <Filter Include="Resources">
      <UniqueIdentifier>{a38f929e-8f89-475b-bc3e-806dcd164ce6}</UniqueIdentifier>
    </Filter>
    <Filter Include="Interface\Resources">
      <UniqueIdentifier>{0422f1da-b27c-4a5f-9f1f-ded45e9e9bda}</UniqueIdentifier>
    </Filter>
    <Filter Include="Resources\RootSignature">
      <UniqueIdentifier>{f86714ce-577f-4bc9-987a-8c04934cd6e8}</UniqueIdentifier>
    </Filter>
    <Filter Include="Resources\Descriptor">
      <UniqueIdentifier>{a2b40c86-97dd-471e-81f7-3055626c278f}</UniqueIdentifier>
    </Filter>
    <Filter Include="Resources\Pso">
      <UniqueIdentifier>{f5586f5d-6685-4135-8175-704e2429a6a8}</UniqueIdentifier>
    </Filter>
    <Filter Include="Interface\Resources\Pso">
      <UniqueIdentifier>{81db0852-4be5-4c7b-a2bd-a94f81cda368}</UniqueIdentifier>
    </Filter>
    <Filter Include="Commands">
      <UniqueIdentifier>{b526f4d7-e40e-4611-9c77-f5e6f623ac51}</UniqueIdentifier>
    </Filter>
    <Filter Include="Lighting">
      <UniqueIdentifier>{b0a0db8e-7e66-4b16-bfda-3131e48028b9}</UniqueIdentifier>
    </Filter>
    <Filter Include="Lighting\LightGrid">
      <UniqueIdentifier>{ce76d3ed-a52c-438b-9da7-01cacaabf5f6}</UniqueIdentifier>
    </Filter>
    <Filter Include="ShaderRelevantTypes">
      <UniqueIdentifier>{4a9d49ad-d017-48e6-b89a-1860419f8e9e}</UniqueIdentifier>
    </Filter>
  </ItemGroup>
</Project>