<?xml version="1.0" encoding="utf-8"?>
<Project ToolsVersion="4.0" xmlns="http://schemas.microsoft.com/developer/msbuild/2003">
  <ItemGroup>
    <ClInclude Include="targetver.h" />
    <ClInclude Include="InterfaceHelpers.hpp" />
    <ClInclude Include="PtrTypes.hpp" />
    <ClInclude Include="Exception\CreationFailedException.hpp">
      <Filter>Exception</Filter>
    </ClInclude>
    <ClInclude Include="Exception\Exception.hpp">
      <Filter>Exception</Filter>
    </ClInclude>
    <ClInclude Include="Exception\OutOfRangeException.hpp">
      <Filter>Exception</Filter>
    </ClInclude>
    <ClInclude Include="Exception\ExceptionHelper.hpp">
      <Filter>Exception</Filter>
    </ClInclude>
    <ClInclude Include="Types\Containers\QueueConcurrent.hpp">
      <Filter>Types\Containers</Filter>
    </ClInclude>
    <ClInclude Include="Filesystem\Conversions.hpp">
      <Filter>Filesystem</Filter>
    </ClInclude>
    <ClInclude Include="Exception\OutOfMemoryException.hpp">
      <Filter>Exception</Filter>
    </ClInclude>
    <ClInclude Include="Hashing\CRC32.hpp">
      <Filter>Hashing</Filter>
    </ClInclude>
  </ItemGroup>
  <ItemGroup>
    <Filter Include="Exception">
      <UniqueIdentifier>{8653924c-9e79-4915-87c9-db3a17650db8}</UniqueIdentifier>
    </Filter>
    <Filter Include="Types">
      <UniqueIdentifier>{bd47708e-440f-453e-ba76-7eedee389a51}</UniqueIdentifier>
    </Filter>
    <Filter Include="Types\Containers">
      <UniqueIdentifier>{d7c00e8f-598e-452c-8c4e-500e1a948377}</UniqueIdentifier>
    </Filter>
    <Filter Include="Filesystem">
      <UniqueIdentifier>{84527f3e-230a-43ef-a1d9-59c5b2bb3aa5}</UniqueIdentifier>
    </Filter>
    <Filter Include="Hashing">
      <UniqueIdentifier>{6c6c347b-0cd0-41f7-81f8-f357713f1224}</UniqueIdentifier>
    </Filter>
  </ItemGroup>
  <ItemGroup>
    <ClCompile Include="Exception\Exception.cpp">
      <Filter>Exception</Filter>
    </ClCompile>
  </ItemGroup>
</Project>